// !$*UTF8*$!
{
	archiveVersion = 1;
	classes = {
	};
	objectVersion = 56;
	objects = {

/* Begin PBXBuildFile section */
		F208F8E52913C62D002D6B63 /* AlertExtension.swift in Sources */ = {isa = PBXBuildFile; fileRef = F208F8E42913C62D002D6B63 /* AlertExtension.swift */; };
		F208F8E92913CE31002D6B63 /* KeyboardExtension.swift in Sources */ = {isa = PBXBuildFile; fileRef = F208F8E82913CE31002D6B63 /* KeyboardExtension.swift */; };
		F283F3CB2910D4F2007C1EFC /* AppDelegate.swift in Sources */ = {isa = PBXBuildFile; fileRef = F283F3CA2910D4F2007C1EFC /* AppDelegate.swift */; };
		F283F3CF2910D4F2007C1EFC /* NotesTableViewController.swift in Sources */ = {isa = PBXBuildFile; fileRef = F283F3CE2910D4F2007C1EFC /* NotesTableViewController.swift */; };
		F283F3D22910D4F2007C1EFC /* Main.storyboard in Resources */ = {isa = PBXBuildFile; fileRef = F283F3D02910D4F2007C1EFC /* Main.storyboard */; };
		F283F3D52910D4F2007C1EFC /* Notepad.xcdatamodeld in Sources */ = {isa = PBXBuildFile; fileRef = F283F3D32910D4F2007C1EFC /* Notepad.xcdatamodeld */; };
		F283F3D72910D4F2007C1EFC /* Assets.xcassets in Resources */ = {isa = PBXBuildFile; fileRef = F283F3D62910D4F2007C1EFC /* Assets.xcassets */; };
		F283F3DA2910D4F2007C1EFC /* LaunchScreen.storyboard in Resources */ = {isa = PBXBuildFile; fileRef = F283F3D82910D4F2007C1EFC /* LaunchScreen.storyboard */; };
		F283F3E229114C1E007C1EFC /* NoteViewController.swift in Sources */ = {isa = PBXBuildFile; fileRef = F283F3E129114C1E007C1EFC /* NoteViewController.swift */; };
		F283F3E529114CE8007C1EFC /* SettingsApp.swift in Sources */ = {isa = PBXBuildFile; fileRef = F283F3E429114CE8007C1EFC /* SettingsApp.swift */; };
		F283F3E829114DAF007C1EFC /* SettingsStorageManager.swift in Sources */ = {isa = PBXBuildFile; fileRef = F283F3E729114DAF007C1EFC /* SettingsStorageManager.swift */; };
		F2D0E5532911676500E36B98 /* SettingsViewController.swift in Sources */ = {isa = PBXBuildFile; fileRef = F2D0E5522911676500E36B98 /* SettingsViewController.swift */; };
		F2D0E555291167B200E36B98 /* AuthenticationViewController.swift in Sources */ = {isa = PBXBuildFile; fileRef = F2D0E554291167B200E36B98 /* AuthenticationViewController.swift */; };
		F2D0E55929118A7300E36B98 /* StorageManager.swift in Sources */ = {isa = PBXBuildFile; fileRef = F2D0E55829118A7300E36B98 /* StorageManager.swift */; };
		F2DDEEF329166C610058F439 /* AlertController.swift in Sources */ = {isa = PBXBuildFile; fileRef = F2DDEEF229166C610058F439 /* AlertController.swift */; };
		F2DDEEF529168B2F0058F439 /* SettingControllerExtension.swift in Sources */ = {isa = PBXBuildFile; fileRef = F2DDEEF429168B2F0058F439 /* SettingControllerExtension.swift */; };
/* End PBXBuildFile section */

/* Begin PBXFileReference section */
		F208F8E42913C62D002D6B63 /* AlertExtension.swift */ = {isa = PBXFileReference; lastKnownFileType = sourcecode.swift; path = AlertExtension.swift; sourceTree = "<group>"; };
		F208F8E82913CE31002D6B63 /* KeyboardExtension.swift */ = {isa = PBXFileReference; lastKnownFileType = sourcecode.swift; path = KeyboardExtension.swift; sourceTree = "<group>"; };
		F283F3C72910D4F2007C1EFC /* Notepad.app */ = {isa = PBXFileReference; explicitFileType = wrapper.application; includeInIndex = 0; path = Notepad.app; sourceTree = BUILT_PRODUCTS_DIR; };
		F283F3CA2910D4F2007C1EFC /* AppDelegate.swift */ = {isa = PBXFileReference; lastKnownFileType = sourcecode.swift; path = AppDelegate.swift; sourceTree = "<group>"; };
		F283F3CE2910D4F2007C1EFC /* NotesTableViewController.swift */ = {isa = PBXFileReference; lastKnownFileType = sourcecode.swift; path = NotesTableViewController.swift; sourceTree = "<group>"; };
		F283F3D12910D4F2007C1EFC /* Base */ = {isa = PBXFileReference; lastKnownFileType = file.storyboard; name = Base; path = Base.lproj/Main.storyboard; sourceTree = "<group>"; };
		F283F3D42910D4F2007C1EFC /* Notepad.xcdatamodel */ = {isa = PBXFileReference; lastKnownFileType = wrapper.xcdatamodel; path = Notepad.xcdatamodel; sourceTree = "<group>"; };
		F283F3D62910D4F2007C1EFC /* Assets.xcassets */ = {isa = PBXFileReference; lastKnownFileType = folder.assetcatalog; path = Assets.xcassets; sourceTree = "<group>"; };
		F283F3D92910D4F2007C1EFC /* Base */ = {isa = PBXFileReference; lastKnownFileType = file.storyboard; name = Base; path = Base.lproj/LaunchScreen.storyboard; sourceTree = "<group>"; };
		F283F3DB2910D4F2007C1EFC /* Info.plist */ = {isa = PBXFileReference; lastKnownFileType = text.plist.xml; path = Info.plist; sourceTree = "<group>"; };
		F283F3E129114C1E007C1EFC /* NoteViewController.swift */ = {isa = PBXFileReference; lastKnownFileType = sourcecode.swift; path = NoteViewController.swift; sourceTree = "<group>"; };
		F283F3E429114CE8007C1EFC /* SettingsApp.swift */ = {isa = PBXFileReference; lastKnownFileType = sourcecode.swift; path = SettingsApp.swift; sourceTree = "<group>"; };
		F283F3E729114DAF007C1EFC /* SettingsStorageManager.swift */ = {isa = PBXFileReference; lastKnownFileType = sourcecode.swift; path = SettingsStorageManager.swift; sourceTree = "<group>"; };
		F2D0E5522911676500E36B98 /* SettingsViewController.swift */ = {isa = PBXFileReference; lastKnownFileType = sourcecode.swift; path = SettingsViewController.swift; sourceTree = "<group>"; };
		F2D0E554291167B200E36B98 /* AuthenticationViewController.swift */ = {isa = PBXFileReference; lastKnownFileType = sourcecode.swift; path = AuthenticationViewController.swift; sourceTree = "<group>"; };
		F2D0E55829118A7300E36B98 /* StorageManager.swift */ = {isa = PBXFileReference; lastKnownFileType = sourcecode.swift; path = StorageManager.swift; sourceTree = "<group>"; };
		F2DDEEF229166C610058F439 /* AlertController.swift */ = {isa = PBXFileReference; lastKnownFileType = sourcecode.swift; path = AlertController.swift; sourceTree = "<group>"; };
		F2DDEEF429168B2F0058F439 /* SettingControllerExtension.swift */ = {isa = PBXFileReference; lastKnownFileType = sourcecode.swift; path = SettingControllerExtension.swift; sourceTree = "<group>"; };
/* End PBXFileReference section */

/* Begin PBXFrameworksBuildPhase section */
		F283F3C42910D4F2007C1EFC /* Frameworks */ = {
			isa = PBXFrameworksBuildPhase;
			buildActionMask = 2147483647;
			files = (
			);
			runOnlyForDeploymentPostprocessing = 0;
		};
/* End PBXFrameworksBuildPhase section */

/* Begin PBXGroup section */
		F208F8E32913C5F4002D6B63 /* Extension */ = {
			isa = PBXGroup;
			children = (
				F208F8E42913C62D002D6B63 /* AlertExtension.swift */,
				F2DDEEF429168B2F0058F439 /* SettingControllerExtension.swift */,
				F208F8E82913CE31002D6B63 /* KeyboardExtension.swift */,
				F2DDEEF229166C610058F439 /* AlertController.swift */,
			);
			path = Extension;
			sourceTree = "<group>";
		};
		F283F3BE2910D4F2007C1EFC = {
			isa = PBXGroup;
			children = (
				F283F3C92910D4F2007C1EFC /* Notepad */,
				F283F3C82910D4F2007C1EFC /* Products */,
			);
			sourceTree = "<group>";
		};
		F283F3C82910D4F2007C1EFC /* Products */ = {
			isa = PBXGroup;
			children = (
				F283F3C72910D4F2007C1EFC /* Notepad.app */,
			);
			name = Products;
			sourceTree = "<group>";
		};
		F283F3C92910D4F2007C1EFC /* Notepad */ = {
			isa = PBXGroup;
			children = (
				F208F8E32913C5F4002D6B63 /* Extension */,
				F283F3E629114D50007C1EFC /* Managers */,
				F283F3E329114CCB007C1EFC /* Models */,
				F2D0E551291166F300E36B98 /* ViewControllers */,
				F2D0E550291166C000E36B98 /* Storyboards */,
				F2D0E556291168B000E36B98 /* SupportingFiles */,
				F2D0E557291168EC00E36B98 /* Source */,
				F283F3D32910D4F2007C1EFC /* Notepad.xcdatamodeld */,
			);
			path = Notepad;
			sourceTree = "<group>";
		};
		F283F3E329114CCB007C1EFC /* Models */ = {
			isa = PBXGroup;
			children = (
				F283F3E429114CE8007C1EFC /* SettingsApp.swift */,
			);
			path = Models;
			sourceTree = "<group>";
		};
		F283F3E629114D50007C1EFC /* Managers */ = {
			isa = PBXGroup;
			children = (
				F283F3E729114DAF007C1EFC /* SettingsStorageManager.swift */,
				F2D0E55829118A7300E36B98 /* StorageManager.swift */,
			);
			path = Managers;
			sourceTree = "<group>";
		};
		F2D0E550291166C000E36B98 /* Storyboards */ = {
			isa = PBXGroup;
			children = (
				F283F3D02910D4F2007C1EFC /* Main.storyboard */,
				F283F3D82910D4F2007C1EFC /* LaunchScreen.storyboard */,
			);
			path = Storyboards;
			sourceTree = "<group>";
		};
		F2D0E551291166F300E36B98 /* ViewControllers */ = {
			isa = PBXGroup;
			children = (
				F283F3E129114C1E007C1EFC /* NoteViewController.swift */,
				F283F3CE2910D4F2007C1EFC /* NotesTableViewController.swift */,
				F2D0E5522911676500E36B98 /* SettingsViewController.swift */,
				F2D0E554291167B200E36B98 /* AuthenticationViewController.swift */,
			);
			path = ViewControllers;
			sourceTree = "<group>";
		};
		F2D0E556291168B000E36B98 /* SupportingFiles */ = {
			isa = PBXGroup;
			children = (
				F283F3CA2910D4F2007C1EFC /* AppDelegate.swift */,
				F283F3DB2910D4F2007C1EFC /* Info.plist */,
			);
			path = SupportingFiles;
			sourceTree = "<group>";
		};
		F2D0E557291168EC00E36B98 /* Source */ = {
			isa = PBXGroup;
			children = (
				F283F3D62910D4F2007C1EFC /* Assets.xcassets */,
			);
			path = Source;
			sourceTree = "<group>";
		};
/* End PBXGroup section */

/* Begin PBXNativeTarget section */
		F283F3C62910D4F2007C1EFC /* Notepad */ = {
			isa = PBXNativeTarget;
			buildConfigurationList = F283F3DE2910D4F2007C1EFC /* Build configuration list for PBXNativeTarget "Notepad" */;
			buildPhases = (
				F283F3C32910D4F2007C1EFC /* Sources */,
				F283F3C42910D4F2007C1EFC /* Frameworks */,
				F283F3C52910D4F2007C1EFC /* Resources */,
			);
			buildRules = (
			);
			dependencies = (
			);
			name = Notepad;
			productName = Notepad;
			productReference = F283F3C72910D4F2007C1EFC /* Notepad.app */;
			productType = "com.apple.product-type.application";
		};
/* End PBXNativeTarget section */

/* Begin PBXProject section */
		F283F3BF2910D4F2007C1EFC /* Project object */ = {
			isa = PBXProject;
			attributes = {
				BuildIndependentTargetsInParallel = 1;
				LastSwiftUpdateCheck = 1400;
				LastUpgradeCheck = 1400;
				TargetAttributes = {
					F283F3C62910D4F2007C1EFC = {
						CreatedOnToolsVersion = 14.0.1;
					};
				};
			};
			buildConfigurationList = F283F3C22910D4F2007C1EFC /* Build configuration list for PBXProject "Notepad" */;
			compatibilityVersion = "Xcode 14.0";
			developmentRegion = en;
			hasScannedForEncodings = 0;
			knownRegions = (
				en,
				Base,
			);
			mainGroup = F283F3BE2910D4F2007C1EFC;
			productRefGroup = F283F3C82910D4F2007C1EFC /* Products */;
			projectDirPath = "";
			projectRoot = "";
			targets = (
				F283F3C62910D4F2007C1EFC /* Notepad */,
			);
		};
/* End PBXProject section */

/* Begin PBXResourcesBuildPhase section */
		F283F3C52910D4F2007C1EFC /* Resources */ = {
			isa = PBXResourcesBuildPhase;
			buildActionMask = 2147483647;
			files = (
				F283F3DA2910D4F2007C1EFC /* LaunchScreen.storyboard in Resources */,
				F283F3D72910D4F2007C1EFC /* Assets.xcassets in Resources */,
				F283F3D22910D4F2007C1EFC /* Main.storyboard in Resources */,
			);
			runOnlyForDeploymentPostprocessing = 0;
		};
/* End PBXResourcesBuildPhase section */

/* Begin PBXSourcesBuildPhase section */
		F283F3C32910D4F2007C1EFC /* Sources */ = {
			isa = PBXSourcesBuildPhase;
			buildActionMask = 2147483647;
			files = (
				F283F3E229114C1E007C1EFC /* NoteViewController.swift in Sources */,
				F283F3CF2910D4F2007C1EFC /* NotesTableViewController.swift in Sources */,
				F2D0E5532911676500E36B98 /* SettingsViewController.swift in Sources */,
				F2DDEEF529168B2F0058F439 /* SettingControllerExtension.swift in Sources */,
				F2D0E55929118A7300E36B98 /* StorageManager.swift in Sources */,
				F2DDEEF329166C610058F439 /* AlertController.swift in Sources */,
				F208F8E92913CE31002D6B63 /* KeyboardExtension.swift in Sources */,
				F283F3CB2910D4F2007C1EFC /* AppDelegate.swift in Sources */,
				F2D0E555291167B200E36B98 /* AuthenticationViewController.swift in Sources */,
				F283F3D52910D4F2007C1EFC /* Notepad.xcdatamodeld in Sources */,
				F283F3E529114CE8007C1EFC /* SettingsApp.swift in Sources */,
				F208F8E52913C62D002D6B63 /* AlertExtension.swift in Sources */,
				F283F3E829114DAF007C1EFC /* SettingsStorageManager.swift in Sources */,
			);
			runOnlyForDeploymentPostprocessing = 0;
		};
/* End PBXSourcesBuildPhase section */

/* Begin PBXVariantGroup section */
		F283F3D02910D4F2007C1EFC /* Main.storyboard */ = {
			isa = PBXVariantGroup;
			children = (
				F283F3D12910D4F2007C1EFC /* Base */,
			);
			name = Main.storyboard;
			sourceTree = "<group>";
		};
		F283F3D82910D4F2007C1EFC /* LaunchScreen.storyboard */ = {
			isa = PBXVariantGroup;
			children = (
				F283F3D92910D4F2007C1EFC /* Base */,
			);
			name = LaunchScreen.storyboard;
			sourceTree = "<group>";
		};
/* End PBXVariantGroup section */

/* Begin XCBuildConfiguration section */
		F283F3DC2910D4F2007C1EFC /* Debug */ = {
			isa = XCBuildConfiguration;
			buildSettings = {
				ALWAYS_SEARCH_USER_PATHS = NO;
				CLANG_ANALYZER_NONNULL = YES;
				CLANG_ANALYZER_NUMBER_OBJECT_CONVERSION = YES_AGGRESSIVE;
				CLANG_CXX_LANGUAGE_STANDARD = "gnu++20";
				CLANG_ENABLE_MODULES = YES;
				CLANG_ENABLE_OBJC_ARC = YES;
				CLANG_ENABLE_OBJC_WEAK = YES;
				CLANG_WARN_BLOCK_CAPTURE_AUTORELEASING = YES;
				CLANG_WARN_BOOL_CONVERSION = YES;
				CLANG_WARN_COMMA = YES;
				CLANG_WARN_CONSTANT_CONVERSION = YES;
				CLANG_WARN_DEPRECATED_OBJC_IMPLEMENTATIONS = YES;
				CLANG_WARN_DIRECT_OBJC_ISA_USAGE = YES_ERROR;
				CLANG_WARN_DOCUMENTATION_COMMENTS = YES;
				CLANG_WARN_EMPTY_BODY = YES;
				CLANG_WARN_ENUM_CONVERSION = YES;
				CLANG_WARN_INFINITE_RECURSION = YES;
				CLANG_WARN_INT_CONVERSION = YES;
				CLANG_WARN_NON_LITERAL_NULL_CONVERSION = YES;
				CLANG_WARN_OBJC_IMPLICIT_RETAIN_SELF = YES;
				CLANG_WARN_OBJC_LITERAL_CONVERSION = YES;
				CLANG_WARN_OBJC_ROOT_CLASS = YES_ERROR;
				CLANG_WARN_QUOTED_INCLUDE_IN_FRAMEWORK_HEADER = YES;
				CLANG_WARN_RANGE_LOOP_ANALYSIS = YES;
				CLANG_WARN_STRICT_PROTOTYPES = YES;
				CLANG_WARN_SUSPICIOUS_MOVE = YES;
				CLANG_WARN_UNGUARDED_AVAILABILITY = YES_AGGRESSIVE;
				CLANG_WARN_UNREACHABLE_CODE = YES;
				CLANG_WARN__DUPLICATE_METHOD_MATCH = YES;
				COPY_PHASE_STRIP = NO;
				DEBUG_INFORMATION_FORMAT = dwarf;
				ENABLE_STRICT_OBJC_MSGSEND = YES;
				ENABLE_TESTABILITY = YES;
				GCC_C_LANGUAGE_STANDARD = gnu11;
				GCC_DYNAMIC_NO_PIC = NO;
				GCC_NO_COMMON_BLOCKS = YES;
				GCC_OPTIMIZATION_LEVEL = 0;
				GCC_PREPROCESSOR_DEFINITIONS = (
					"DEBUG=1",
					"$(inherited)",
				);
				GCC_WARN_64_TO_32_BIT_CONVERSION = YES;
				GCC_WARN_ABOUT_RETURN_TYPE = YES_ERROR;
				GCC_WARN_UNDECLARED_SELECTOR = YES;
				GCC_WARN_UNINITIALIZED_AUTOS = YES_AGGRESSIVE;
				GCC_WARN_UNUSED_FUNCTION = YES;
				GCC_WARN_UNUSED_VARIABLE = YES;
				IPHONEOS_DEPLOYMENT_TARGET = 16.0;
				MTL_ENABLE_DEBUG_INFO = INCLUDE_SOURCE;
				MTL_FAST_MATH = YES;
				ONLY_ACTIVE_ARCH = YES;
				SDKROOT = iphoneos;
				SWIFT_ACTIVE_COMPILATION_CONDITIONS = DEBUG;
				SWIFT_OPTIMIZATION_LEVEL = "-Onone";
			};
			name = Debug;
		};
		F283F3DD2910D4F2007C1EFC /* Release */ = {
			isa = XCBuildConfiguration;
			buildSettings = {
				ALWAYS_SEARCH_USER_PATHS = NO;
				CLANG_ANALYZER_NONNULL = YES;
				CLANG_ANALYZER_NUMBER_OBJECT_CONVERSION = YES_AGGRESSIVE;
				CLANG_CXX_LANGUAGE_STANDARD = "gnu++20";
				CLANG_ENABLE_MODULES = YES;
				CLANG_ENABLE_OBJC_ARC = YES;
				CLANG_ENABLE_OBJC_WEAK = YES;
				CLANG_WARN_BLOCK_CAPTURE_AUTORELEASING = YES;
				CLANG_WARN_BOOL_CONVERSION = YES;
				CLANG_WARN_COMMA = YES;
				CLANG_WARN_CONSTANT_CONVERSION = YES;
				CLANG_WARN_DEPRECATED_OBJC_IMPLEMENTATIONS = YES;
				CLANG_WARN_DIRECT_OBJC_ISA_USAGE = YES_ERROR;
				CLANG_WARN_DOCUMENTATION_COMMENTS = YES;
				CLANG_WARN_EMPTY_BODY = YES;
				CLANG_WARN_ENUM_CONVERSION = YES;
				CLANG_WARN_INFINITE_RECURSION = YES;
				CLANG_WARN_INT_CONVERSION = YES;
				CLANG_WARN_NON_LITERAL_NULL_CONVERSION = YES;
				CLANG_WARN_OBJC_IMPLICIT_RETAIN_SELF = YES;
				CLANG_WARN_OBJC_LITERAL_CONVERSION = YES;
				CLANG_WARN_OBJC_ROOT_CLASS = YES_ERROR;
				CLANG_WARN_QUOTED_INCLUDE_IN_FRAMEWORK_HEADER = YES;
				CLANG_WARN_RANGE_LOOP_ANALYSIS = YES;
				CLANG_WARN_STRICT_PROTOTYPES = YES;
				CLANG_WARN_SUSPICIOUS_MOVE = YES;
				CLANG_WARN_UNGUARDED_AVAILABILITY = YES_AGGRESSIVE;
				CLANG_WARN_UNREACHABLE_CODE = YES;
				CLANG_WARN__DUPLICATE_METHOD_MATCH = YES;
				COPY_PHASE_STRIP = NO;
				DEBUG_INFORMATION_FORMAT = "dwarf-with-dsym";
				ENABLE_NS_ASSERTIONS = NO;
				ENABLE_STRICT_OBJC_MSGSEND = YES;
				GCC_C_LANGUAGE_STANDARD = gnu11;
				GCC_NO_COMMON_BLOCKS = YES;
				GCC_WARN_64_TO_32_BIT_CONVERSION = YES;
				GCC_WARN_ABOUT_RETURN_TYPE = YES_ERROR;
				GCC_WARN_UNDECLARED_SELECTOR = YES;
				GCC_WARN_UNINITIALIZED_AUTOS = YES_AGGRESSIVE;
				GCC_WARN_UNUSED_FUNCTION = YES;
				GCC_WARN_UNUSED_VARIABLE = YES;
				IPHONEOS_DEPLOYMENT_TARGET = 16.0;
				MTL_ENABLE_DEBUG_INFO = NO;
				MTL_FAST_MATH = YES;
				SDKROOT = iphoneos;
				SWIFT_COMPILATION_MODE = wholemodule;
				SWIFT_OPTIMIZATION_LEVEL = "-O";
				VALIDATE_PRODUCT = YES;
			};
			name = Release;
		};
		F283F3DF2910D4F2007C1EFC /* Debug */ = {
			isa = XCBuildConfiguration;
			buildSettings = {
				ASSETCATALOG_COMPILER_APPICON_NAME = AppIcon;
				ASSETCATALOG_COMPILER_GLOBAL_ACCENT_COLOR_NAME = AccentColor;
				CODE_SIGN_STYLE = Automatic;
				CURRENT_PROJECT_VERSION = 1;
				DEVELOPMENT_TEAM = C4L592B76W;
				GENERATE_INFOPLIST_FILE = YES;
				INFOPLIST_FILE = Notepad/SupportingFiles/Info.plist;
				INFOPLIST_KEY_UIApplicationSupportsIndirectInputEvents = YES;
				INFOPLIST_KEY_UILaunchStoryboardName = LaunchScreen;
				INFOPLIST_KEY_UIMainStoryboardFile = "";
				INFOPLIST_KEY_UISupportedInterfaceOrientations_iPad = "UIInterfaceOrientationPortrait UIInterfaceOrientationPortraitUpsideDown UIInterfaceOrientationLandscapeLeft UIInterfaceOrientationLandscapeRight";
				INFOPLIST_KEY_UISupportedInterfaceOrientations_iPhone = "UIInterfaceOrientationPortrait UIInterfaceOrientationLandscapeLeft UIInterfaceOrientationLandscapeRight";
				IPHONEOS_DEPLOYMENT_TARGET = 15.0;
				LD_RUNPATH_SEARCH_PATHS = (
					"$(inherited)",
					"@executable_path/Frameworks",
				);
				MARKETING_VERSION = 1.0;
				PRODUCT_BUNDLE_IDENTIFIER = KostyaLosev.Notepad;
				PRODUCT_NAME = "$(TARGET_NAME)";
				SWIFT_EMIT_LOC_STRINGS = YES;
				SWIFT_VERSION = 5.0;
				TARGETED_DEVICE_FAMILY = "1,2";
			};
			name = Debug;
		};
		F283F3E02910D4F2007C1EFC /* Release */ = {
			isa = XCBuildConfiguration;
			buildSettings = {
				ASSETCATALOG_COMPILER_APPICON_NAME = AppIcon;
				ASSETCATALOG_COMPILER_GLOBAL_ACCENT_COLOR_NAME = AccentColor;
				CODE_SIGN_STYLE = Automatic;
				CURRENT_PROJECT_VERSION = 1;
				DEVELOPMENT_TEAM = C4L592B76W;
				GENERATE_INFOPLIST_FILE = YES;
				INFOPLIST_FILE = Notepad/SupportingFiles/Info.plist;
				INFOPLIST_KEY_UIApplicationSupportsIndirectInputEvents = YES;
				INFOPLIST_KEY_UILaunchStoryboardName = LaunchScreen;
				INFOPLIST_KEY_UIMainStoryboardFile = "";
				INFOPLIST_KEY_UISupportedInterfaceOrientations_iPad = "UIInterfaceOrientationPortrait UIInterfaceOrientationPortraitUpsideDown UIInterfaceOrientationLandscapeLeft UIInterfaceOrientationLandscapeRight";
				INFOPLIST_KEY_UISupportedInterfaceOrientations_iPhone = "UIInterfaceOrientationPortrait UIInterfaceOrientationLandscapeLeft UIInterfaceOrientationLandscapeRight";
				IPHONEOS_DEPLOYMENT_TARGET = 15.0;
				LD_RUNPATH_SEARCH_PATHS = (
					"$(inherited)",
					"@executable_path/Frameworks",
				);
				MARKETING_VERSION = 1.0;
				PRODUCT_BUNDLE_IDENTIFIER = KostyaLosev.Notepad;
				PRODUCT_NAME = "$(TARGET_NAME)";
				SWIFT_EMIT_LOC_STRINGS = YES;
				SWIFT_VERSION = 5.0;
				TARGETED_DEVICE_FAMILY = "1,2";
			};
			name = Release;
		};
/* End XCBuildConfiguration section */

/* Begin XCConfigurationList section */
		F283F3C22910D4F2007C1EFC /* Build configuration list for PBXProject "Notepad" */ = {
			isa = XCConfigurationList;
			buildConfigurations = (
				F283F3DC2910D4F2007C1EFC /* Debug */,
				F283F3DD2910D4F2007C1EFC /* Release */,
			);
			defaultConfigurationIsVisible = 0;
			defaultConfigurationName = Release;
		};
		F283F3DE2910D4F2007C1EFC /* Build configuration list for PBXNativeTarget "Notepad" */ = {
			isa = XCConfigurationList;
			buildConfigurations = (
				F283F3DF2910D4F2007C1EFC /* Debug */,
				F283F3E02910D4F2007C1EFC /* Release */,
			);
			defaultConfigurationIsVisible = 0;
			defaultConfigurationName = Release;
		};
/* End XCConfigurationList section */

/* Begin XCVersionGroup section */
		F283F3D32910D4F2007C1EFC /* Notepad.xcdatamodeld */ = {
			isa = XCVersionGroup;
			children = (
				F283F3D42910D4F2007C1EFC /* Notepad.xcdatamodel */,
			);
			currentVersion = F283F3D42910D4F2007C1EFC /* Notepad.xcdatamodel */;
			path = Notepad.xcdatamodeld;
			sourceTree = "<group>";
			versionGroupType = wrapper.xcdatamodel;
		};
/* End XCVersionGroup section */
	};
	rootObject = F283F3BF2910D4F2007C1EFC /* Project object */;
}
